
Microsoft Visual Studio Solution File, Format Version 12.00
# Visual Studio 15
VisualStudioVersion = 15.0.26730.3
MinimumVisualStudioVersion = 10.0.40219.1
Project("{FAE04EC0-301F-11D3-BF4B-00C04F79EFBC}") = "Menu", "Menu\Menu.csproj", "{C7ADD548-264D-4990-AC0E-EFE36F46ED1B}"
EndProject
Project("{FAE04EC0-301F-11D3-BF4B-00C04F79EFBC}") = "LinkLabel", "LinkLabel\LinkLabel.csproj", "{722D9518-349F-4AC9-9E6E-EF0EF0F0C762}"
EndProject
Project("{FAE04EC0-301F-11D3-BF4B-00C04F79EFBC}") = "ListBox", "ListBox\ListBox.csproj", "{FEEA46A8-58FB-44E4-80FE-48E72AF2E3DB}"
EndProject
Project("{FAE04EC0-301F-11D3-BF4B-00C04F79EFBC}") = "CheckedListBox", "CheckedListBox\CheckedListBox.csproj", "{9A4110F7-4CFD-4AB0-A467-66DA83E4F8F0}"
EndProject
Project("{FAE04EC0-301F-11D3-BF4B-00C04F79EFBC}") = "ComboBox", "ComboBox\ComboBox.csproj", "{6B895C98-CE4E-47DC-85C8-B31090522016}"
EndProject
Project("{FAE04EC0-301F-11D3-BF4B-00C04F79EFBC}") = "TreeView", "TreeView\TreeView.csproj", "{02278EF4-D73C-44BD-96F3-2041DC38F30F}"
EndProject
Project("{FAE04EC0-301F-11D3-BF4B-00C04F79EFBC}") = "ListView", "ListView\ListView.csproj", "{9ECE5CD8-CCBC-42D0-BDB6-B7BEE9D82122}"
EndProject
Project("{FAE04EC0-301F-11D3-BF4B-00C04F79EFBC}") = "TabControl", "TabControl\TabControl.csproj", "{B6D0F8CE-0981-40AD-8B49-A66B9AAB57FE}"
EndProject
Project("{FAE04EC0-301F-11D3-BF4B-00C04F79EFBC}") = "MDI", "MDI\MDI.csproj", "{B809F20D-9F3B-4679-B037-C7EFC7D4073C}"
EndProject
Global
	GlobalSection(SolutionConfigurationPlatforms) = preSolution
		Debug|Any CPU = Debug|Any CPU
		Release|Any CPU = Release|Any CPU
	EndGlobalSection
	GlobalSection(ProjectConfigurationPlatforms) = postSolution
		{C7ADD548-264D-4990-AC0E-EFE36F46ED1B}.Debug|Any CPU.ActiveCfg = Debug|Any CPU
		{C7ADD548-264D-4990-AC0E-EFE36F46ED1B}.Debug|Any CPU.Build.0 = Debug|Any CPU
		{C7ADD548-264D-4990-AC0E-EFE36F46ED1B}.Release|Any CPU.ActiveCfg = Release|Any CPU
		{C7ADD548-264D-4990-AC0E-EFE36F46ED1B}.Release|Any CPU.Build.0 = Release|Any CPU
		{722D9518-349F-4AC9-9E6E-EF0EF0F0C762}.Debug|Any CPU.ActiveCfg = Debug|Any CPU
		{722D9518-349F-4AC9-9E6E-EF0EF0F0C762}.Debug|Any CPU.Build.0 = Debug|Any CPU
		{722D9518-349F-4AC9-9E6E-EF0EF0F0C762}.Release|Any CPU.ActiveCfg = Release|Any CPU
		{722D9518-349F-4AC9-9E6E-EF0EF0F0C762}.Release|Any CPU.Build.0 = Release|Any CPU
		{FEEA46A8-58FB-44E4-80FE-48E72AF2E3DB}.Debug|Any CPU.ActiveCfg = Debug|Any CPU
		{FEEA46A8-58FB-44E4-80FE-48E72AF2E3DB}.Debug|Any CPU.Build.0 = Debug|Any CPU
		{FEEA46A8-58FB-44E4-80FE-48E72AF2E3DB}.Release|Any CPU.ActiveCfg = Release|Any CPU
		{FEEA46A8-58FB-44E4-80FE-48E72AF2E3DB}.Release|Any CPU.Build.0 = Release|Any CPU
		{9A4110F7-4CFD-4AB0-A467-66DA83E4F8F0}.Debug|Any CPU.ActiveCfg = Debug|Any CPU
		{9A4110F7-4CFD-4AB0-A467-66DA83E4F8F0}.Debug|Any CPU.Build.0 = Debug|Any CPU
		{9A4110F7-4CFD-4AB0-A467-66DA83E4F8F0}.Release|Any CPU.ActiveCfg = Release|Any CPU
		{9A4110F7-4CFD-4AB0-A467-66DA83E4F8F0}.Release|Any CPU.Build.0 = Release|Any CPU
		{6B895C98-CE4E-47DC-85C8-B31090522016}.Debug|Any CPU.ActiveCfg = Debug|Any CPU
		{6B895C98-CE4E-47DC-85C8-B31090522016}.Debug|Any CPU.Build.0 = Debug|Any CPU
		{6B895C98-CE4E-47DC-85C8-B31090522016}.Release|Any CPU.ActiveCfg = Release|Any CPU
		{6B895C98-CE4E-47DC-85C8-B31090522016}.Release|Any CPU.Build.0 = Release|Any CPU
		{02278EF4-D73C-44BD-96F3-2041DC38F30F}.Debug|Any CPU.ActiveCfg = Debug|Any CPU
		{02278EF4-D73C-44BD-96F3-2041DC38F30F}.Debug|Any CPU.Build.0 = Debug|Any CPU
		{02278EF4-D73C-44BD-96F3-2041DC38F30F}.Release|Any CPU.ActiveCfg = Release|Any CPU
		{02278EF4-D73C-44BD-96F3-2041DC38F30F}.Release|Any CPU.Build.0 = Release|Any CPU
		{9ECE5CD8-CCBC-42D0-BDB6-B7BEE9D82122}.Debug|Any CPU.ActiveCfg = Debug|Any CPU
		{9ECE5CD8-CCBC-42D0-BDB6-B7BEE9D82122}.Debug|Any CPU.Build.0 = Debug|Any CPU
		{9ECE5CD8-CCBC-42D0-BDB6-B7BEE9D82122}.Release|Any CPU.ActiveCfg = Release|Any CPU
		{9ECE5CD8-CCBC-42D0-BDB6-B7BEE9D82122}.Release|Any CPU.Build.0 = Release|Any CPU
		{B6D0F8CE-0981-40AD-8B49-A66B9AAB57FE}.Debug|Any CPU.ActiveCfg = Debug|Any CPU
		{B6D0F8CE-0981-40AD-8B49-A66B9AAB57FE}.Debug|Any CPU.Build.0 = Debug|Any CPU
		{B6D0F8CE-0981-40AD-8B49-A66B9AAB57FE}.Release|Any CPU.ActiveCfg = Release|Any CPU
		{B6D0F8CE-0981-40AD-8B49-A66B9AAB57FE}.Release|Any CPU.Build.0 = Release|Any CPU
		{B809F20D-9F3B-4679-B037-C7EFC7D4073C}.Debug|Any CPU.ActiveCfg = Debug|Any CPU
		{B809F20D-9F3B-4679-B037-C7EFC7D4073C}.Debug|Any CPU.Build.0 = Debug|Any CPU
		{B809F20D-9F3B-4679-B037-C7EFC7D4073C}.Release|Any CPU.ActiveCfg = Release|Any CPU
		{B809F20D-9F3B-4679-B037-C7EFC7D4073C}.Release|Any CPU.Build.0 = Release|Any CPU
	EndGlobalSection
	GlobalSection(SolutionProperties) = preSolution
		HideSolutionNode = FALSE
	EndGlobalSection
	GlobalSection(ExtensibilityGlobals) = postSolution
		SolutionGuid = {AABB5506-EE24-4B22-B9EA-A6A270CB4927}
	EndGlobalSection
EndGlobal
